// !$*UTF8*$!
{
	archiveVersion = 1;
	classes = {
	};
	objectVersion = 55;
	objects = {

/* Begin PBXBuildFile section */
		496B8628291551CD004E9DAB /* IQKeyboardManagerSwift in Frameworks */ = {isa = PBXBuildFile; productRef = 496B8627291551CD004E9DAB /* IQKeyboardManagerSwift */; };
		49E607B4290D44660048BDD5 /* AppDelegate.swift in Sources */ = {isa = PBXBuildFile; fileRef = 49E607B3290D44660048BDD5 /* AppDelegate.swift */; };
		49E607B6290D44660048BDD5 /* SceneDelegate.swift in Sources */ = {isa = PBXBuildFile; fileRef = 49E607B5290D44660048BDD5 /* SceneDelegate.swift */; };
		49E607B8290D44660048BDD5 /* ChatViewController.swift in Sources */ = {isa = PBXBuildFile; fileRef = 49E607B7290D44660048BDD5 /* ChatViewController.swift */; };
		49E607BB290D44660048BDD5 /* Main.storyboard in Resources */ = {isa = PBXBuildFile; fileRef = 49E607B9290D44660048BDD5 /* Main.storyboard */; };
		49E607BD290D44690048BDD5 /* Assets.xcassets in Resources */ = {isa = PBXBuildFile; fileRef = 49E607BC290D44690048BDD5 /* Assets.xcassets */; };
		49E607C0290D44690048BDD5 /* LaunchScreen.storyboard in Resources */ = {isa = PBXBuildFile; fileRef = 49E607BE290D44690048BDD5 /* LaunchScreen.storyboard */; };
		49E607CD290D48670048BDD5 /* WelcomViewController.swift in Sources */ = {isa = PBXBuildFile; fileRef = 49E607CC290D48670048BDD5 /* WelcomViewController.swift */; };
		49E607CF290D48820048BDD5 /* RegisterViewController.swift in Sources */ = {isa = PBXBuildFile; fileRef = 49E607CE290D48820048BDD5 /* RegisterViewController.swift */; };
		49E607D1290D48BA0048BDD5 /* LoginViewController.swift in Sources */ = {isa = PBXBuildFile; fileRef = 49E607D0290D48BA0048BDD5 /* LoginViewController.swift */; };
		49E607D3290D83BE0048BDD5 /* GoogleService-Info.plist in Resources */ = {isa = PBXBuildFile; fileRef = 49E607D2290D83BE0048BDD5 /* GoogleService-Info.plist */; };
		49E607D6290D8F770048BDD5 /* FirebaseAuth in Frameworks */ = {isa = PBXBuildFile; productRef = 49E607D5290D8F770048BDD5 /* FirebaseAuth */; };
		49E607D8290D8F770048BDD5 /* FirebaseFirestore in Frameworks */ = {isa = PBXBuildFile; productRef = 49E607D7290D8F770048BDD5 /* FirebaseFirestore */; };
		49F29ACB290EA3F000903C81 /* Constants.swift in Sources */ = {isa = PBXBuildFile; fileRef = 49F29ACA290EA3F000903C81 /* Constants.swift */; };
		49F29ACD290EAE9D00903C81 /* Message.swift in Sources */ = {isa = PBXBuildFile; fileRef = 49F29ACC290EAE9D00903C81 /* Message.swift */; };
		49F29AD0290ECDC600903C81 /* MessageCell.swift in Sources */ = {isa = PBXBuildFile; fileRef = 49F29ACE290ECDC600903C81 /* MessageCell.swift */; };
		49F29AD1290ECDC600903C81 /* MessageCell.xib in Resources */ = {isa = PBXBuildFile; fileRef = 49F29ACF290ECDC600903C81 /* MessageCell.xib */; };
		64152B56931FB96BA5118754 /* Pods_FlashTalk.framework in Frameworks */ = {isa = PBXBuildFile; fileRef = EAB2870B02F71C821C9F7642 /* Pods_FlashTalk.framework */; };
/* End PBXBuildFile section */

/* Begin PBXFileReference section */
		48C9A66F3200C0DB07926869 /* Pods-FlashTalk.debug.xcconfig */ = {isa = PBXFileReference; includeInIndex = 1; lastKnownFileType = text.xcconfig; name = "Pods-FlashTalk.debug.xcconfig"; path = "Target Support Files/Pods-FlashTalk/Pods-FlashTalk.debug.xcconfig"; sourceTree = "<group>"; };
		49E607B0290D44660048BDD5 /* FlashTalk.app */ = {isa = PBXFileReference; explicitFileType = wrapper.application; includeInIndex = 0; path = FlashTalk.app; sourceTree = BUILT_PRODUCTS_DIR; };
		49E607B3290D44660048BDD5 /* AppDelegate.swift */ = {isa = PBXFileReference; lastKnownFileType = sourcecode.swift; path = AppDelegate.swift; sourceTree = "<group>"; };
		49E607B5290D44660048BDD5 /* SceneDelegate.swift */ = {isa = PBXFileReference; lastKnownFileType = sourcecode.swift; path = SceneDelegate.swift; sourceTree = "<group>"; };
		49E607B7290D44660048BDD5 /* ChatViewController.swift */ = {isa = PBXFileReference; lastKnownFileType = sourcecode.swift; path = ChatViewController.swift; sourceTree = "<group>"; };
		49E607BA290D44660048BDD5 /* Base */ = {isa = PBXFileReference; lastKnownFileType = file.storyboard; name = Base; path = Base.lproj/Main.storyboard; sourceTree = "<group>"; };
		49E607BC290D44690048BDD5 /* Assets.xcassets */ = {isa = PBXFileReference; lastKnownFileType = folder.assetcatalog; path = Assets.xcassets; sourceTree = "<group>"; };
		49E607BF290D44690048BDD5 /* Base */ = {isa = PBXFileReference; lastKnownFileType = file.storyboard; name = Base; path = Base.lproj/LaunchScreen.storyboard; sourceTree = "<group>"; };
		49E607C1290D44690048BDD5 /* Info.plist */ = {isa = PBXFileReference; lastKnownFileType = text.plist.xml; path = Info.plist; sourceTree = "<group>"; };
		49E607C8290D45A40048BDD5 /* README.md */ = {isa = PBXFileReference; lastKnownFileType = net.daringfireball.markdown; path = README.md; sourceTree = "<group>"; };
		49E607CC290D48670048BDD5 /* WelcomViewController.swift */ = {isa = PBXFileReference; lastKnownFileType = sourcecode.swift; path = WelcomViewController.swift; sourceTree = "<group>"; };
		49E607CE290D48820048BDD5 /* RegisterViewController.swift */ = {isa = PBXFileReference; lastKnownFileType = sourcecode.swift; path = RegisterViewController.swift; sourceTree = "<group>"; };
		49E607D0290D48BA0048BDD5 /* LoginViewController.swift */ = {isa = PBXFileReference; lastKnownFileType = sourcecode.swift; path = LoginViewController.swift; sourceTree = "<group>"; };
		49E607D2290D83BE0048BDD5 /* GoogleService-Info.plist */ = {isa = PBXFileReference; fileEncoding = 4; lastKnownFileType = text.plist.xml; path = "GoogleService-Info.plist"; sourceTree = "<group>"; };
		49F29ACA290EA3F000903C81 /* Constants.swift */ = {isa = PBXFileReference; lastKnownFileType = sourcecode.swift; path = Constants.swift; sourceTree = "<group>"; };
		49F29ACC290EAE9D00903C81 /* Message.swift */ = {isa = PBXFileReference; lastKnownFileType = sourcecode.swift; path = Message.swift; sourceTree = "<group>"; };
		49F29ACE290ECDC600903C81 /* MessageCell.swift */ = {isa = PBXFileReference; lastKnownFileType = sourcecode.swift; path = MessageCell.swift; sourceTree = "<group>"; };
		49F29ACF290ECDC600903C81 /* MessageCell.xib */ = {isa = PBXFileReference; lastKnownFileType = file.xib; path = MessageCell.xib; sourceTree = "<group>"; };
		BEFAEA211E145ACDBA4AD7D7 /* Pods-FlashTalk.release.xcconfig */ = {isa = PBXFileReference; includeInIndex = 1; lastKnownFileType = text.xcconfig; name = "Pods-FlashTalk.release.xcconfig"; path = "Target Support Files/Pods-FlashTalk/Pods-FlashTalk.release.xcconfig"; sourceTree = "<group>"; };
		EAB2870B02F71C821C9F7642 /* Pods_FlashTalk.framework */ = {isa = PBXFileReference; explicitFileType = wrapper.framework; includeInIndex = 0; path = Pods_FlashTalk.framework; sourceTree = BUILT_PRODUCTS_DIR; };
/* End PBXFileReference section */

/* Begin PBXFrameworksBuildPhase section */
		49E607AD290D44660048BDD5 /* Frameworks */ = {
			isa = PBXFrameworksBuildPhase;
			buildActionMask = 2147483647;
			files = (
				64152B56931FB96BA5118754 /* Pods_FlashTalk.framework in Frameworks */,
				496B8628291551CD004E9DAB /* IQKeyboardManagerSwift in Frameworks */,
				49E607D6290D8F770048BDD5 /* FirebaseAuth in Frameworks */,
				49E607D8290D8F770048BDD5 /* FirebaseFirestore in Frameworks */,
			);
			runOnlyForDeploymentPostprocessing = 0;
		};
/* End PBXFrameworksBuildPhase section */

/* Begin PBXGroup section */
		1EF03D217DB0462C5CFA0BD3 /* Frameworks */ = {
			isa = PBXGroup;
			children = (
				EAB2870B02F71C821C9F7642 /* Pods_FlashTalk.framework */,
			);
			name = Frameworks;
			sourceTree = "<group>";
		};
		49E607A7290D44660048BDD5 = {
			isa = PBXGroup;
			children = (
				49E607C8290D45A40048BDD5 /* README.md */,
				49E607B2290D44660048BDD5 /* FlashTalk */,
				49E607B1290D44660048BDD5 /* Products */,
				7D285E12FF6C8AB15BFDBFA4 /* Pods */,
				1EF03D217DB0462C5CFA0BD3 /* Frameworks */,
			);
			sourceTree = "<group>";
		};
		49E607B1290D44660048BDD5 /* Products */ = {
			isa = PBXGroup;
			children = (
				49E607B0290D44660048BDD5 /* FlashTalk.app */,
			);
			name = Products;
			sourceTree = "<group>";
		};
		49E607B2290D44660048BDD5 /* FlashTalk */ = {
			isa = PBXGroup;
			children = (
				49E607B3290D44660048BDD5 /* AppDelegate.swift */,
				49E607B5290D44660048BDD5 /* SceneDelegate.swift */,
				49E607CB290D460B0048BDD5 /* Models */,
				49E607C9290D45D90048BDD5 /* Views */,
				49E607CA290D45F30048BDD5 /* Controllers */,
				49E607BC290D44690048BDD5 /* Assets.xcassets */,
				49E607BE290D44690048BDD5 /* LaunchScreen.storyboard */,
				49E607C1290D44690048BDD5 /* Info.plist */,
				49E607D2290D83BE0048BDD5 /* GoogleService-Info.plist */,
				49F29ACA290EA3F000903C81 /* Constants.swift */,
			);
			path = FlashTalk;
			sourceTree = "<group>";
		};
		49E607C9290D45D90048BDD5 /* Views */ = {
			isa = PBXGroup;
			children = (
				49E607B9290D44660048BDD5 /* Main.storyboard */,
				49F29ACE290ECDC600903C81 /* MessageCell.swift */,
				49F29ACF290ECDC600903C81 /* MessageCell.xib */,
			);
			path = Views;
			sourceTree = "<group>";
		};
		49E607CA290D45F30048BDD5 /* Controllers */ = {
			isa = PBXGroup;
			children = (
				49E607CC290D48670048BDD5 /* WelcomViewController.swift */,
				49E607CE290D48820048BDD5 /* RegisterViewController.swift */,
				49E607D0290D48BA0048BDD5 /* LoginViewController.swift */,
				49E607B7290D44660048BDD5 /* ChatViewController.swift */,
			);
			path = Controllers;
			sourceTree = "<group>";
		};
		49E607CB290D460B0048BDD5 /* Models */ = {
			isa = PBXGroup;
			children = (
				49F29ACC290EAE9D00903C81 /* Message.swift */,
			);
			path = Models;
			sourceTree = "<group>";
		};
		7D285E12FF6C8AB15BFDBFA4 /* Pods */ = {
			isa = PBXGroup;
			children = (
				48C9A66F3200C0DB07926869 /* Pods-FlashTalk.debug.xcconfig */,
				BEFAEA211E145ACDBA4AD7D7 /* Pods-FlashTalk.release.xcconfig */,
			);
			path = Pods;
			sourceTree = "<group>";
		};
/* End PBXGroup section */

/* Begin PBXNativeTarget section */
		49E607AF290D44660048BDD5 /* FlashTalk */ = {
			isa = PBXNativeTarget;
			buildConfigurationList = 49E607C4290D44690048BDD5 /* Build configuration list for PBXNativeTarget "FlashTalk" */;
			buildPhases = (
				F7F85A96F644FDC39C8379EA /* [CP] Check Pods Manifest.lock */,
				49E607AC290D44660048BDD5 /* Sources */,
				49E607AD290D44660048BDD5 /* Frameworks */,
				49E607AE290D44660048BDD5 /* Resources */,
			);
			buildRules = (
			);
			dependencies = (
			);
			name = FlashTalk;
			packageProductDependencies = (
				49E607D5290D8F770048BDD5 /* FirebaseAuth */,
				49E607D7290D8F770048BDD5 /* FirebaseFirestore */,
				496B8627291551CD004E9DAB /* IQKeyboardManagerSwift */,
			);
			productName = FlashTalk;
			productReference = 49E607B0290D44660048BDD5 /* FlashTalk.app */;
			productType = "com.apple.product-type.application";
		};
/* End PBXNativeTarget section */

/* Begin PBXProject section */
		49E607A8290D44660048BDD5 /* Project object */ = {
			isa = PBXProject;
			attributes = {
				BuildIndependentTargetsInParallel = 1;
				LastSwiftUpdateCheck = 1340;
				LastUpgradeCheck = 1340;
				TargetAttributes = {
					49E607AF290D44660048BDD5 = {
						CreatedOnToolsVersion = 13.4.1;
					};
				};
			};
			buildConfigurationList = 49E607AB290D44660048BDD5 /* Build configuration list for PBXProject "FlashTalk" */;
			compatibilityVersion = "Xcode 13.0";
			developmentRegion = en;
			hasScannedForEncodings = 0;
			knownRegions = (
				en,
				Base,
			);
			mainGroup = 49E607A7290D44660048BDD5;
			packageReferences = (
				49E607D4290D8F770048BDD5 /* XCRemoteSwiftPackageReference "firebase-ios-sdk" */,
				496B862529154DEB004E9DAB /* XCRemoteSwiftPackageReference "IQKeyboardManager" */,
				496B8626291551CD004E9DAB /* XCRemoteSwiftPackageReference "IQKeyboardManager" */,
			);
			productRefGroup = 49E607B1290D44660048BDD5 /* Products */;
			projectDirPath = "";
			projectRoot = "";
			targets = (
				49E607AF290D44660048BDD5 /* FlashTalk */,
			);
		};
/* End PBXProject section */

/* Begin PBXResourcesBuildPhase section */
		49E607AE290D44660048BDD5 /* Resources */ = {
			isa = PBXResourcesBuildPhase;
			buildActionMask = 2147483647;
			files = (
				49F29AD1290ECDC600903C81 /* MessageCell.xib in Resources */,
				49E607C0290D44690048BDD5 /* LaunchScreen.storyboard in Resources */,
				49E607D3290D83BE0048BDD5 /* GoogleService-Info.plist in Resources */,
				49E607BD290D44690048BDD5 /* Assets.xcassets in Resources */,
				49E607BB290D44660048BDD5 /* Main.storyboard in Resources */,
			);
			runOnlyForDeploymentPostprocessing = 0;
		};
/* End PBXResourcesBuildPhase section */

/* Begin PBXShellScriptBuildPhase section */
		F7F85A96F644FDC39C8379EA /* [CP] Check Pods Manifest.lock */ = {
			isa = PBXShellScriptBuildPhase;
			buildActionMask = 2147483647;
			files = (
			);
			inputFileListPaths = (
			);
			inputPaths = (
				"${PODS_PODFILE_DIR_PATH}/Podfile.lock",
				"${PODS_ROOT}/Manifest.lock",
			);
			name = "[CP] Check Pods Manifest.lock";
			outputFileListPaths = (
			);
			outputPaths = (
				"$(DERIVED_FILE_DIR)/Pods-FlashTalk-checkManifestLockResult.txt",
			);
			runOnlyForDeploymentPostprocessing = 0;
			shellPath = /bin/sh;
			shellScript = "diff \"${PODS_PODFILE_DIR_PATH}/Podfile.lock\" \"${PODS_ROOT}/Manifest.lock\" > /dev/null\nif [ $? != 0 ] ; then\n    # print error to STDERR\n    echo \"error: The sandbox is not in sync with the Podfile.lock. Run 'pod install' or update your CocoaPods installation.\" >&2\n    exit 1\nfi\n# This output is used by Xcode 'outputs' to avoid re-running this script phase.\necho \"SUCCESS\" > \"${SCRIPT_OUTPUT_FILE_0}\"\n";
			showEnvVarsInLog = 0;
		};
/* End PBXShellScriptBuildPhase section */

/* Begin PBXSourcesBuildPhase section */
		49E607AC290D44660048BDD5 /* Sources */ = {
			isa = PBXSourcesBuildPhase;
			buildActionMask = 2147483647;
			files = (
				49E607D1290D48BA0048BDD5 /* LoginViewController.swift in Sources */,
				49E607B8290D44660048BDD5 /* ChatViewController.swift in Sources */,
				49E607CF290D48820048BDD5 /* RegisterViewController.swift in Sources */,
				49E607B4290D44660048BDD5 /* AppDelegate.swift in Sources */,
				49F29ACB290EA3F000903C81 /* Constants.swift in Sources */,
				49F29ACD290EAE9D00903C81 /* Message.swift in Sources */,
				49E607B6290D44660048BDD5 /* SceneDelegate.swift in Sources */,
				49E607CD290D48670048BDD5 /* WelcomViewController.swift in Sources */,
				49F29AD0290ECDC600903C81 /* MessageCell.swift in Sources */,
			);
			runOnlyForDeploymentPostprocessing = 0;
		};
/* End PBXSourcesBuildPhase section */

/* Begin PBXVariantGroup section */
		49E607B9290D44660048BDD5 /* Main.storyboard */ = {
			isa = PBXVariantGroup;
			children = (
				49E607BA290D44660048BDD5 /* Base */,
			);
			name = Main.storyboard;
			sourceTree = "<group>";
		};
		49E607BE290D44690048BDD5 /* LaunchScreen.storyboard */ = {
			isa = PBXVariantGroup;
			children = (
				49E607BF290D44690048BDD5 /* Base */,
			);
			name = LaunchScreen.storyboard;
			sourceTree = "<group>";
		};
/* End PBXVariantGroup section */

/* Begin XCBuildConfiguration section */
		49E607C2290D44690048BDD5 /* Debug */ = {
			isa = XCBuildConfiguration;
			buildSettings = {
				ALWAYS_SEARCH_USER_PATHS = NO;
				CLANG_ANALYZER_NONNULL = YES;
				CLANG_ANALYZER_NUMBER_OBJECT_CONVERSION = YES_AGGRESSIVE;
				CLANG_CXX_LANGUAGE_STANDARD = "gnu++17";
				CLANG_ENABLE_MODULES = YES;
				CLANG_ENABLE_OBJC_ARC = YES;
				CLANG_ENABLE_OBJC_WEAK = YES;
				CLANG_WARN_BLOCK_CAPTURE_AUTORELEASING = YES;
				CLANG_WARN_BOOL_CONVERSION = YES;
				CLANG_WARN_COMMA = YES;
				CLANG_WARN_CONSTANT_CONVERSION = YES;
				CLANG_WARN_DEPRECATED_OBJC_IMPLEMENTATIONS = YES;
				CLANG_WARN_DIRECT_OBJC_ISA_USAGE = YES_ERROR;
				CLANG_WARN_DOCUMENTATION_COMMENTS = YES;
				CLANG_WARN_EMPTY_BODY = YES;
				CLANG_WARN_ENUM_CONVERSION = YES;
				CLANG_WARN_INFINITE_RECURSION = YES;
				CLANG_WARN_INT_CONVERSION = YES;
				CLANG_WARN_NON_LITERAL_NULL_CONVERSION = YES;
				CLANG_WARN_OBJC_IMPLICIT_RETAIN_SELF = YES;
				CLANG_WARN_OBJC_LITERAL_CONVERSION = YES;
				CLANG_WARN_OBJC_ROOT_CLASS = YES_ERROR;
				CLANG_WARN_QUOTED_INCLUDE_IN_FRAMEWORK_HEADER = YES;
				CLANG_WARN_RANGE_LOOP_ANALYSIS = YES;
				CLANG_WARN_STRICT_PROTOTYPES = YES;
				CLANG_WARN_SUSPICIOUS_MOVE = YES;
				CLANG_WARN_UNGUARDED_AVAILABILITY = YES_AGGRESSIVE;
				CLANG_WARN_UNREACHABLE_CODE = YES;
				CLANG_WARN__DUPLICATE_METHOD_MATCH = YES;
				COPY_PHASE_STRIP = NO;
				DEBUG_INFORMATION_FORMAT = dwarf;
				ENABLE_STRICT_OBJC_MSGSEND = YES;
				ENABLE_TESTABILITY = YES;
				GCC_C_LANGUAGE_STANDARD = gnu11;
				GCC_DYNAMIC_NO_PIC = NO;
				GCC_NO_COMMON_BLOCKS = YES;
				GCC_OPTIMIZATION_LEVEL = 0;
				GCC_PREPROCESSOR_DEFINITIONS = (
					"DEBUG=1",
					"$(inherited)",
				);
				GCC_WARN_64_TO_32_BIT_CONVERSION = YES;
				GCC_WARN_ABOUT_RETURN_TYPE = YES_ERROR;
				GCC_WARN_UNDECLARED_SELECTOR = YES;
				GCC_WARN_UNINITIALIZED_AUTOS = YES_AGGRESSIVE;
				GCC_WARN_UNUSED_FUNCTION = YES;
				GCC_WARN_UNUSED_VARIABLE = YES;
				IPHONEOS_DEPLOYMENT_TARGET = 15.5;
				MTL_ENABLE_DEBUG_INFO = INCLUDE_SOURCE;
				MTL_FAST_MATH = YES;
				ONLY_ACTIVE_ARCH = YES;
				SDKROOT = iphoneos;
				SWIFT_ACTIVE_COMPILATION_CONDITIONS = DEBUG;
				SWIFT_OPTIMIZATION_LEVEL = "-Onone";
			};
			name = Debug;
		};
		49E607C3290D44690048BDD5 /* Release */ = {
			isa = XCBuildConfiguration;
			buildSettings = {
				ALWAYS_SEARCH_USER_PATHS = NO;
				CLANG_ANALYZER_NONNULL = YES;
				CLANG_ANALYZER_NUMBER_OBJECT_CONVERSION = YES_AGGRESSIVE;
				CLANG_CXX_LANGUAGE_STANDARD = "gnu++17";
				CLANG_ENABLE_MODULES = YES;
				CLANG_ENABLE_OBJC_ARC = YES;
				CLANG_ENABLE_OBJC_WEAK = YES;
				CLANG_WARN_BLOCK_CAPTURE_AUTORELEASING = YES;
				CLANG_WARN_BOOL_CONVERSION = YES;
				CLANG_WARN_COMMA = YES;
				CLANG_WARN_CONSTANT_CONVERSION = YES;
				CLANG_WARN_DEPRECATED_OBJC_IMPLEMENTATIONS = YES;
				CLANG_WARN_DIRECT_OBJC_ISA_USAGE = YES_ERROR;
				CLANG_WARN_DOCUMENTATION_COMMENTS = YES;
				CLANG_WARN_EMPTY_BODY = YES;
				CLANG_WARN_ENUM_CONVERSION = YES;
				CLANG_WARN_INFINITE_RECURSION = YES;
				CLANG_WARN_INT_CONVERSION = YES;
				CLANG_WARN_NON_LITERAL_NULL_CONVERSION = YES;
				CLANG_WARN_OBJC_IMPLICIT_RETAIN_SELF = YES;
				CLANG_WARN_OBJC_LITERAL_CONVERSION = YES;
				CLANG_WARN_OBJC_ROOT_CLASS = YES_ERROR;
				CLANG_WARN_QUOTED_INCLUDE_IN_FRAMEWORK_HEADER = YES;
				CLANG_WARN_RANGE_LOOP_ANALYSIS = YES;
				CLANG_WARN_STRICT_PROTOTYPES = YES;
				CLANG_WARN_SUSPICIOUS_MOVE = YES;
				CLANG_WARN_UNGUARDED_AVAILABILITY = YES_AGGRESSIVE;
				CLANG_WARN_UNREACHABLE_CODE = YES;
				CLANG_WARN__DUPLICATE_METHOD_MATCH = YES;
				COPY_PHASE_STRIP = NO;
				DEBUG_INFORMATION_FORMAT = "dwarf-with-dsym";
				ENABLE_NS_ASSERTIONS = NO;
				ENABLE_STRICT_OBJC_MSGSEND = YES;
				GCC_C_LANGUAGE_STANDARD = gnu11;
				GCC_NO_COMMON_BLOCKS = YES;
				GCC_WARN_64_TO_32_BIT_CONVERSION = YES;
				GCC_WARN_ABOUT_RETURN_TYPE = YES_ERROR;
				GCC_WARN_UNDECLARED_SELECTOR = YES;
				GCC_WARN_UNINITIALIZED_AUTOS = YES_AGGRESSIVE;
				GCC_WARN_UNUSED_FUNCTION = YES;
				GCC_WARN_UNUSED_VARIABLE = YES;
				IPHONEOS_DEPLOYMENT_TARGET = 15.5;
				MTL_ENABLE_DEBUG_INFO = NO;
				MTL_FAST_MATH = YES;
				SDKROOT = iphoneos;
				SWIFT_COMPILATION_MODE = wholemodule;
				SWIFT_OPTIMIZATION_LEVEL = "-O";
				VALIDATE_PRODUCT = YES;
			};
			name = Release;
		};
		49E607C5290D44690048BDD5 /* Debug */ = {
			isa = XCBuildConfiguration;
			baseConfigurationReference = 48C9A66F3200C0DB07926869 /* Pods-FlashTalk.debug.xcconfig */;
			buildSettings = {
				ASSETCATALOG_COMPILER_APPICON_NAME = AppIcon;
				ASSETCATALOG_COMPILER_GLOBAL_ACCENT_COLOR_NAME = AccentColor;
				CODE_SIGN_STYLE = Automatic;
				CURRENT_PROJECT_VERSION = 1;
				DEVELOPMENT_TEAM = NX4LKKT924;
				GENERATE_INFOPLIST_FILE = YES;
				INFOPLIST_FILE = FlashTalk/Info.plist;
				INFOPLIST_KEY_UIApplicationSupportsIndirectInputEvents = YES;
				INFOPLIST_KEY_UILaunchStoryboardName = LaunchScreen;
				INFOPLIST_KEY_UIMainStoryboardFile = Main;
				INFOPLIST_KEY_UISupportedInterfaceOrientations_iPad = "UIInterfaceOrientationPortrait UIInterfaceOrientationPortraitUpsideDown UIInterfaceOrientationLandscapeLeft UIInterfaceOrientationLandscapeRight";
				INFOPLIST_KEY_UISupportedInterfaceOrientations_iPhone = "UIInterfaceOrientationPortrait UIInterfaceOrientationLandscapeLeft UIInterfaceOrientationLandscapeRight";
				LD_RUNPATH_SEARCH_PATHS = (
					"$(inherited)",
					"@executable_path/Frameworks",
				);
				MARKETING_VERSION = 1.0;
				PRODUCT_BUNDLE_IDENTIFIER = com.eldoralikuvvatov.FlashTalk;
				PRODUCT_NAME = "$(TARGET_NAME)";
				SWIFT_EMIT_LOC_STRINGS = YES;
				SWIFT_VERSION = 5.0;
				TARGETED_DEVICE_FAMILY = "1,2";
			};
			name = Debug;
		};
		49E607C6290D44690048BDD5 /* Release */ = {
			isa = XCBuildConfiguration;
			baseConfigurationReference = BEFAEA211E145ACDBA4AD7D7 /* Pods-FlashTalk.release.xcconfig */;
			buildSettings = {
				ASSETCATALOG_COMPILER_APPICON_NAME = AppIcon;
				ASSETCATALOG_COMPILER_GLOBAL_ACCENT_COLOR_NAME = AccentColor;
				CODE_SIGN_STYLE = Automatic;
				CURRENT_PROJECT_VERSION = 1;
				DEVELOPMENT_TEAM = NX4LKKT924;
				GENERATE_INFOPLIST_FILE = YES;
				INFOPLIST_FILE = FlashTalk/Info.plist;
				INFOPLIST_KEY_UIApplicationSupportsIndirectInputEvents = YES;
				INFOPLIST_KEY_UILaunchStoryboardName = LaunchScreen;
				INFOPLIST_KEY_UIMainStoryboardFile = Main;
				INFOPLIST_KEY_UISupportedInterfaceOrientations_iPad = "UIInterfaceOrientationPortrait UIInterfaceOrientationPortraitUpsideDown UIInterfaceOrientationLandscapeLeft UIInterfaceOrientationLandscapeRight";
				INFOPLIST_KEY_UISupportedInterfaceOrientations_iPhone = "UIInterfaceOrientationPortrait UIInterfaceOrientationLandscapeLeft UIInterfaceOrientationLandscapeRight";
				LD_RUNPATH_SEARCH_PATHS = (
					"$(inherited)",
					"@executable_path/Frameworks",
				);
				MARKETING_VERSION = 1.0;
				PRODUCT_BUNDLE_IDENTIFIER = com.eldoralikuvvatov.FlashTalk;
				PRODUCT_NAME = "$(TARGET_NAME)";
				SWIFT_EMIT_LOC_STRINGS = YES;
				SWIFT_VERSION = 5.0;
				TARGETED_DEVICE_FAMILY = "1,2";
			};
			name = Release;
		};
/* End XCBuildConfiguration section */

/* Begin XCConfigurationList section */
		49E607AB290D44660048BDD5 /* Build configuration list for PBXProject "FlashTalk" */ = {
			isa = XCConfigurationList;
			buildConfigurations = (
				49E607C2290D44690048BDD5 /* Debug */,
				49E607C3290D44690048BDD5 /* Release */,
			);
			defaultConfigurationIsVisible = 0;
			defaultConfigurationName = Release;
		};
		49E607C4290D44690048BDD5 /* Build configuration list for PBXNativeTarget "FlashTalk" */ = {
			isa = XCConfigurationList;
			buildConfigurations = (
				49E607C5290D44690048BDD5 /* Debug */,
				49E607C6290D44690048BDD5 /* Release */,
			);
			defaultConfigurationIsVisible = 0;
			defaultConfigurationName = Release;
		};
/* End XCConfigurationList section */

/* Begin XCRemoteSwiftPackageReference section */
		496B862529154DEB004E9DAB /* XCRemoteSwiftPackageReference "IQKeyboardManager" */ = {
			isa = XCRemoteSwiftPackageReference;
			repositoryURL = "https://github.com/hackiftekhar/IQKeyboardManager";
			requirement = {
				kind = upToNextMajorVersion;
				minimumVersion = 6.5.10;
			};
		};
		496B8626291551CD004E9DAB /* XCRemoteSwiftPackageReference "IQKeyboardManager" */ = {
			isa = XCRemoteSwiftPackageReference;
			repositoryURL = "https://github.com/hackiftekhar/IQKeyboardManager";
			requirement = {
				kind = upToNextMajorVersion;
				minimumVersion = 6.5.3;
			};
		};
		49E607D4290D8F770048BDD5 /* XCRemoteSwiftPackageReference "firebase-ios-sdk" */ = {
			isa = XCRemoteSwiftPackageReference;
			repositoryURL = "https://github.com/firebase/firebase-ios-sdk";
			requirement = {
				kind = upToNextMajorVersion;
				minimumVersion = 9.0.0;
			};
		};
/* End XCRemoteSwiftPackageReference section */

/* Begin XCSwiftPackageProductDependency section */
		496B8627291551CD004E9DAB /* IQKeyboardManagerSwift */ = {
			isa = XCSwiftPackageProductDependency;
			package = 496B8626291551CD004E9DAB /* XCRemoteSwiftPackageReference "IQKeyboardManager" */;
			productName = IQKeyboardManagerSwift;
		};
		49E607D5290D8F770048BDD5 /* FirebaseAuth */ = {
			isa = XCSwiftPackageProductDependency;
			package = 49E607D4290D8F770048BDD5 /* XCRemoteSwiftPackageReference "firebase-ios-sdk" */;
			productName = FirebaseAuth;
		};
		49E607D7290D8F770048BDD5 /* FirebaseFirestore */ = {
			isa = XCSwiftPackageProductDependency;
			package = 49E607D4290D8F770048BDD5 /* XCRemoteSwiftPackageReference "firebase-ios-sdk" */;
			productName = FirebaseFirestore;
		};
/* End XCSwiftPackageProductDependency section */
	};
	rootObject = 49E607A8290D44660048BDD5 /* Project object */;
}
